# THIS IS AN AUTOGENERATED FILE. DO NOT EDIT THIS FILE DIRECTLY.
# yarn lockfile v1


"@mapeditor/tiled-api@^1.10.1":
  version "1.10.1"
  resolved "https://registry.yarnpkg.com/@mapeditor/tiled-api/-/tiled-api-1.10.1.tgz#cba1f0b4fe3a72d49ceb4ea0ee86bf0d9cd7f516"
  integrity sha512-m9rYjpiNmHfQ9ZvPEFcmZ++3s3/yLzsHkJb8+mgWnJEuS6l+tuMPtrxgYz5DLrw6lKJdgb2gGqfDs5me/v6TLA==
