
Microsoft Visual Studio Solution File, Format Version 12.00
# Visual Studio Version 16
VisualStudioVersion = 16.0.30907.101
MinimumVisualStudioVersion = 10.0.40219.1
Project("{FAE04EC0-301F-11D3-BF4B-00C04F79EFBC}") = "DangerousD", "DangerousD\DangerousD.csproj", "{1FC12F81-0E55-4142-83BD-23496EF29DC6}"
EndProject
Project("{FAE04EC0-301F-11D3-BF4B-00C04F79EFBC}") = "MonogameLibrary", "MonogameLibrary\MonogameLibrary.csproj", "{52ED99EF-9769-4587-8BD8-54D6B98E3E7E}"
EndProject
Global
	GlobalSection(SolutionConfigurationPlatforms) = preSolution
		Debug|Any CPU = Debug|Any CPU
		Release|Any CPU = Release|Any CPU
	EndGlobalSection
	GlobalSection(ProjectConfigurationPlatforms) = postSolution
		{1FC12F81-0E55-4142-83BD-23496EF29DC6}.Debug|Any CPU.ActiveCfg = Debug|Any CPU
		{1FC12F81-0E55-4142-83BD-23496EF29DC6}.Debug|Any CPU.Build.0 = Debug|Any CPU
		{1FC12F81-0E55-4142-83BD-23496EF29DC6}.Release|Any CPU.ActiveCfg = Release|Any CPU
		{1FC12F81-0E55-4142-83BD-23496EF29DC6}.Release|Any CPU.Build.0 = Release|Any CPU
		{52ED99EF-9769-4587-8BD8-54D6B98E3E7E}.Debug|Any CPU.ActiveCfg = Debug|Any CPU
		{52ED99EF-9769-4587-8BD8-54D6B98E3E7E}.Debug|Any CPU.Build.0 = Debug|Any CPU
		{52ED99EF-9769-4587-8BD8-54D6B98E3E7E}.Release|Any CPU.ActiveCfg = Release|Any CPU
		{52ED99EF-9769-4587-8BD8-54D6B98E3E7E}.Release|Any CPU.Build.0 = Release|Any CPU
	EndGlobalSection
	GlobalSection(SolutionProperties) = preSolution
		HideSolutionNode = FALSE
	EndGlobalSection
	GlobalSection(ExtensibilityGlobals) = postSolution
		SolutionGuid = {54250E62-AA1F-4858-BA7A-76F41EB64904}
	EndGlobalSection
EndGlobal
